// !$*UTF8*$!
{
	archiveVersion = 1;
	classes = {
	};
	objectVersion = 50;
	objects = {

/* Begin PBXBuildFile section */
		926BC3E2244547790030F562 /* AppDelegate.swift in Sources */ = {isa = PBXBuildFile; fileRef = 926BC3E1244547790030F562 /* AppDelegate.swift */; };
		926BC3E4244547790030F562 /* SceneDelegate.swift in Sources */ = {isa = PBXBuildFile; fileRef = 926BC3E3244547790030F562 /* SceneDelegate.swift */; };
		926BC3E6244547790030F562 /* ViewController.swift in Sources */ = {isa = PBXBuildFile; fileRef = 926BC3E5244547790030F562 /* ViewController.swift */; };
		926BC3E9244547790030F562 /* Main.storyboard in Resources */ = {isa = PBXBuildFile; fileRef = 926BC3E7244547790030F562 /* Main.storyboard */; };
		926BC3EB2445477B0030F562 /* Assets.xcassets in Resources */ = {isa = PBXBuildFile; fileRef = 926BC3EA2445477B0030F562 /* Assets.xcassets */; };
		926BC3EE2445477B0030F562 /* LaunchScreen.storyboard in Resources */ = {isa = PBXBuildFile; fileRef = 926BC3EC2445477B0030F562 /* LaunchScreen.storyboard */; };
		926BC3F7244548BE0030F562 /* Weather.swift in Sources */ = {isa = PBXBuildFile; fileRef = 926BC3F6244548BE0030F562 /* Weather.swift */; };
		926BC3FA2445491E0030F562 /* NetworkService.swift in Sources */ = {isa = PBXBuildFile; fileRef = 926BC3F92445491E0030F562 /* NetworkService.swift */; };
		926BC3FC244564F90030F562 /* Dependencies.swift in Sources */ = {isa = PBXBuildFile; fileRef = 926BC3FB244564F90030F562 /* Dependencies.swift */; };
/* End PBXBuildFile section */

/* Begin PBXFileReference section */
		926BC3DE244547790030F562 /* WeatherInCombine.app */ = {isa = PBXFileReference; explicitFileType = wrapper.application; includeInIndex = 0; path = WeatherInCombine.app; sourceTree = BUILT_PRODUCTS_DIR; };
		926BC3E1244547790030F562 /* AppDelegate.swift */ = {isa = PBXFileReference; lastKnownFileType = sourcecode.swift; path = AppDelegate.swift; sourceTree = "<group>"; };
		926BC3E3244547790030F562 /* SceneDelegate.swift */ = {isa = PBXFileReference; lastKnownFileType = sourcecode.swift; path = SceneDelegate.swift; sourceTree = "<group>"; };
		926BC3E5244547790030F562 /* ViewController.swift */ = {isa = PBXFileReference; lastKnownFileType = sourcecode.swift; path = ViewController.swift; sourceTree = "<group>"; };
		926BC3E8244547790030F562 /* Base */ = {isa = PBXFileReference; lastKnownFileType = file.storyboard; name = Base; path = Base.lproj/Main.storyboard; sourceTree = "<group>"; };
		926BC3EA2445477B0030F562 /* Assets.xcassets */ = {isa = PBXFileReference; lastKnownFileType = folder.assetcatalog; path = Assets.xcassets; sourceTree = "<group>"; };
		926BC3ED2445477B0030F562 /* Base */ = {isa = PBXFileReference; lastKnownFileType = file.storyboard; name = Base; path = Base.lproj/LaunchScreen.storyboard; sourceTree = "<group>"; };
		926BC3EF2445477B0030F562 /* Info.plist */ = {isa = PBXFileReference; lastKnownFileType = text.plist.xml; path = Info.plist; sourceTree = "<group>"; };
		926BC3F6244548BE0030F562 /* Weather.swift */ = {isa = PBXFileReference; lastKnownFileType = sourcecode.swift; path = Weather.swift; sourceTree = "<group>"; };
		926BC3F92445491E0030F562 /* NetworkService.swift */ = {isa = PBXFileReference; lastKnownFileType = sourcecode.swift; path = NetworkService.swift; sourceTree = "<group>"; };
		926BC3FB244564F90030F562 /* Dependencies.swift */ = {isa = PBXFileReference; lastKnownFileType = sourcecode.swift; path = Dependencies.swift; sourceTree = "<group>"; };
		926BC3FD24464FB40030F562 /* README.md */ = {isa = PBXFileReference; lastKnownFileType = net.daringfireball.markdown; path = README.md; sourceTree = "<group>"; };
/* End PBXFileReference section */

/* Begin PBXFrameworksBuildPhase section */
		926BC3DB244547790030F562 /* Frameworks */ = {
			isa = PBXFrameworksBuildPhase;
			buildActionMask = 2147483647;
			files = (
			);
			runOnlyForDeploymentPostprocessing = 0;
		};
/* End PBXFrameworksBuildPhase section */

/* Begin PBXGroup section */
		926BC3D5244547790030F562 = {
			isa = PBXGroup;
			children = (
				926BC3FD24464FB40030F562 /* README.md */,
				926BC3E0244547790030F562 /* WeatherInCombine */,
				926BC3DF244547790030F562 /* Products */,
			);
			sourceTree = "<group>";
		};
		926BC3DF244547790030F562 /* Products */ = {
			isa = PBXGroup;
			children = (
				926BC3DE244547790030F562 /* WeatherInCombine.app */,
			);
			name = Products;
			sourceTree = "<group>";
		};
		926BC3E0244547790030F562 /* WeatherInCombine */ = {
			isa = PBXGroup;
			children = (
				926BC3F8244549080030F562 /* Services */,
				926BC3F52445489F0030F562 /* Model */,
				926BC3E1244547790030F562 /* AppDelegate.swift */,
				926BC3E3244547790030F562 /* SceneDelegate.swift */,
				926BC3E5244547790030F562 /* ViewController.swift */,
				926BC3E7244547790030F562 /* Main.storyboard */,
				926BC3EA2445477B0030F562 /* Assets.xcassets */,
				926BC3EC2445477B0030F562 /* LaunchScreen.storyboard */,
				926BC3EF2445477B0030F562 /* Info.plist */,
			);
			path = WeatherInCombine;
			sourceTree = "<group>";
		};
		926BC3F52445489F0030F562 /* Model */ = {
			isa = PBXGroup;
			children = (
				926BC3F6244548BE0030F562 /* Weather.swift */,
				926BC3FB244564F90030F562 /* Dependencies.swift */,
			);
			path = Model;
			sourceTree = "<group>";
		};
		926BC3F8244549080030F562 /* Services */ = {
			isa = PBXGroup;
			children = (
				926BC3F92445491E0030F562 /* NetworkService.swift */,
			);
			path = Services;
			sourceTree = "<group>";
		};
/* End PBXGroup section */

/* Begin PBXNativeTarget section */
		926BC3DD244547790030F562 /* WeatherInCombine */ = {
			isa = PBXNativeTarget;
			buildConfigurationList = 926BC3F22445477B0030F562 /* Build configuration list for PBXNativeTarget "WeatherInCombine" */;
			buildPhases = (
				926BC3DA244547790030F562 /* Sources */,
				926BC3DB244547790030F562 /* Frameworks */,
				926BC3DC244547790030F562 /* Resources */,
			);
			buildRules = (
			);
			dependencies = (
			);
			name = WeatherInCombine;
			productName = WeatherInCombine;
			productReference = 926BC3DE244547790030F562 /* WeatherInCombine.app */;
			productType = "com.apple.product-type.application";
		};
/* End PBXNativeTarget section */

/* Begin PBXProject section */
		926BC3D6244547790030F562 /* Project object */ = {
			isa = PBXProject;
			attributes = {
				LastSwiftUpdateCheck = 1140;
				LastUpgradeCheck = 1140;
				ORGANIZATIONNAME = PRIYANS;
				TargetAttributes = {
					926BC3DD244547790030F562 = {
						CreatedOnToolsVersion = 11.4;
					};
				};
			};
			buildConfigurationList = 926BC3D9244547790030F562 /* Build configuration list for PBXProject "WeatherInCombine" */;
			compatibilityVersion = "Xcode 9.3";
			developmentRegion = en;
			hasScannedForEncodings = 0;
			knownRegions = (
				en,
				Base,
			);
			mainGroup = 926BC3D5244547790030F562;
			productRefGroup = 926BC3DF244547790030F562 /* Products */;
			projectDirPath = "";
			projectRoot = "";
			targets = (
				926BC3DD244547790030F562 /* WeatherInCombine */,
			);
		};
/* End PBXProject section */

/* Begin PBXResourcesBuildPhase section */
		926BC3DC244547790030F562 /* Resources */ = {
			isa = PBXResourcesBuildPhase;
			buildActionMask = 2147483647;
			files = (
				926BC3EE2445477B0030F562 /* LaunchScreen.storyboard in Resources */,
				926BC3EB2445477B0030F562 /* Assets.xcassets in Resources */,
				926BC3E9244547790030F562 /* Main.storyboard in Resources */,
			);
			runOnlyForDeploymentPostprocessing = 0;
		};
/* End PBXResourcesBuildPhase section */

/* Begin PBXSourcesBuildPhase section */
		926BC3DA244547790030F562 /* Sources */ = {
			isa = PBXSourcesBuildPhase;
			buildActionMask = 2147483647;
			files = (
				926BC3FC244564F90030F562 /* Dependencies.swift in Sources */,
				926BC3FA2445491E0030F562 /* NetworkService.swift in Sources */,
				926BC3F7244548BE0030F562 /* Weather.swift in Sources */,
				926BC3E6244547790030F562 /* ViewController.swift in Sources */,
				926BC3E2244547790030F562 /* AppDelegate.swift in Sources */,
				926BC3E4244547790030F562 /* SceneDelegate.swift in Sources */,
			);
			runOnlyForDeploymentPostprocessing = 0;
		};
/* End PBXSourcesBuildPhase section */

/* Begin PBXVariantGroup section */
		926BC3E7244547790030F562 /* Main.storyboard */ = {
			isa = PBXVariantGroup;
			children = (
				926BC3E8244547790030F562 /* Base */,
			);
			name = Main.storyboard;
			sourceTree = "<group>";
		};
		926BC3EC2445477B0030F562 /* LaunchScreen.storyboard */ = {
			isa = PBXVariantGroup;
			children = (
				926BC3ED2445477B0030F562 /* Base */,
			);
			name = LaunchScreen.storyboard;
			sourceTree = "<group>";
		};
/* End PBXVariantGroup section */

/* Begin XCBuildConfiguration section */
		926BC3F02445477B0030F562 /* Debug */ = {
			isa = XCBuildConfiguration;
			buildSettings = {
				ALWAYS_SEARCH_USER_PATHS = NO;
				CLANG_ANALYZER_NONNULL = YES;
				CLANG_ANALYZER_NUMBER_OBJECT_CONVERSION = YES_AGGRESSIVE;
				CLANG_CXX_LANGUAGE_STANDARD = "gnu++14";
				CLANG_CXX_LIBRARY = "libc++";
				CLANG_ENABLE_MODULES = YES;
				CLANG_ENABLE_OBJC_ARC = YES;
				CLANG_ENABLE_OBJC_WEAK = YES;
				CLANG_WARN_BLOCK_CAPTURE_AUTORELEASING = YES;
				CLANG_WARN_BOOL_CONVERSION = YES;
				CLANG_WARN_COMMA = YES;
				CLANG_WARN_CONSTANT_CONVERSION = YES;
				CLANG_WARN_DEPRECATED_OBJC_IMPLEMENTATIONS = YES;
				CLANG_WARN_DIRECT_OBJC_ISA_USAGE = YES_ERROR;
				CLANG_WARN_DOCUMENTATION_COMMENTS = YES;
				CLANG_WARN_EMPTY_BODY = YES;
				CLANG_WARN_ENUM_CONVERSION = YES;
				CLANG_WARN_INFINITE_RECURSION = YES;
				CLANG_WARN_INT_CONVERSION = YES;
				CLANG_WARN_NON_LITERAL_NULL_CONVERSION = YES;
				CLANG_WARN_OBJC_IMPLICIT_RETAIN_SELF = YES;
				CLANG_WARN_OBJC_LITERAL_CONVERSION = YES;
				CLANG_WARN_OBJC_ROOT_CLASS = YES_ERROR;
				CLANG_WARN_RANGE_LOOP_ANALYSIS = YES;
				CLANG_WARN_STRICT_PROTOTYPES = YES;
				CLANG_WARN_SUSPICIOUS_MOVE = YES;
				CLANG_WARN_UNGUARDED_AVAILABILITY = YES_AGGRESSIVE;
				CLANG_WARN_UNREACHABLE_CODE = YES;
				CLANG_WARN__DUPLICATE_METHOD_MATCH = YES;
				COPY_PHASE_STRIP = NO;
				DEBUG_INFORMATION_FORMAT = dwarf;
				ENABLE_STRICT_OBJC_MSGSEND = YES;
				ENABLE_TESTABILITY = YES;
				GCC_C_LANGUAGE_STANDARD = gnu11;
				GCC_DYNAMIC_NO_PIC = NO;
				GCC_NO_COMMON_BLOCKS = YES;
				GCC_OPTIMIZATION_LEVEL = 0;
				GCC_PREPROCESSOR_DEFINITIONS = (
					"DEBUG=1",
					"$(inherited)",
				);
				GCC_WARN_64_TO_32_BIT_CONVERSION = YES;
				GCC_WARN_ABOUT_RETURN_TYPE = YES_ERROR;
				GCC_WARN_UNDECLARED_SELECTOR = YES;
				GCC_WARN_UNINITIALIZED_AUTOS = YES_AGGRESSIVE;
				GCC_WARN_UNUSED_FUNCTION = YES;
				GCC_WARN_UNUSED_VARIABLE = YES;
				IPHONEOS_DEPLOYMENT_TARGET = 13.4;
				MTL_ENABLE_DEBUG_INFO = INCLUDE_SOURCE;
				MTL_FAST_MATH = YES;
				ONLY_ACTIVE_ARCH = YES;
				SDKROOT = iphoneos;
				SWIFT_ACTIVE_COMPILATION_CONDITIONS = DEBUG;
				SWIFT_OPTIMIZATION_LEVEL = "-Onone";
			};
			name = Debug;
		};
		926BC3F12445477B0030F562 /* Release */ = {
			isa = XCBuildConfiguration;
			buildSettings = {
				ALWAYS_SEARCH_USER_PATHS = NO;
				CLANG_ANALYZER_NONNULL = YES;
				CLANG_ANALYZER_NUMBER_OBJECT_CONVERSION = YES_AGGRESSIVE;
				CLANG_CXX_LANGUAGE_STANDARD = "gnu++14";
				CLANG_CXX_LIBRARY = "libc++";
				CLANG_ENABLE_MODULES = YES;
				CLANG_ENABLE_OBJC_ARC = YES;
				CLANG_ENABLE_OBJC_WEAK = YES;
				CLANG_WARN_BLOCK_CAPTURE_AUTORELEASING = YES;
				CLANG_WARN_BOOL_CONVERSION = YES;
				CLANG_WARN_COMMA = YES;
				CLANG_WARN_CONSTANT_CONVERSION = YES;
				CLANG_WARN_DEPRECATED_OBJC_IMPLEMENTATIONS = YES;
				CLANG_WARN_DIRECT_OBJC_ISA_USAGE = YES_ERROR;
				CLANG_WARN_DOCUMENTATION_COMMENTS = YES;
				CLANG_WARN_EMPTY_BODY = YES;
				CLANG_WARN_ENUM_CONVERSION = YES;
				CLANG_WARN_INFINITE_RECURSION = YES;
				CLANG_WARN_INT_CONVERSION = YES;
				CLANG_WARN_NON_LITERAL_NULL_CONVERSION = YES;
				CLANG_WARN_OBJC_IMPLICIT_RETAIN_SELF = YES;
				CLANG_WARN_OBJC_LITERAL_CONVERSION = YES;
				CLANG_WARN_OBJC_ROOT_CLASS = YES_ERROR;
				CLANG_WARN_RANGE_LOOP_ANALYSIS = YES;
				CLANG_WARN_STRICT_PROTOTYPES = YES;
				CLANG_WARN_SUSPICIOUS_MOVE = YES;
				CLANG_WARN_UNGUARDED_AVAILABILITY = YES_AGGRESSIVE;
				CLANG_WARN_UNREACHABLE_CODE = YES;
				CLANG_WARN__DUPLICATE_METHOD_MATCH = YES;
				COPY_PHASE_STRIP = NO;
				DEBUG_INFORMATION_FORMAT = "dwarf-with-dsym";
				ENABLE_NS_ASSERTIONS = NO;
				ENABLE_STRICT_OBJC_MSGSEND = YES;
				GCC_C_LANGUAGE_STANDARD = gnu11;
				GCC_NO_COMMON_BLOCKS = YES;
				GCC_WARN_64_TO_32_BIT_CONVERSION = YES;
				GCC_WARN_ABOUT_RETURN_TYPE = YES_ERROR;
				GCC_WARN_UNDECLARED_SELECTOR = YES;
				GCC_WARN_UNINITIALIZED_AUTOS = YES_AGGRESSIVE;
				GCC_WARN_UNUSED_FUNCTION = YES;
				GCC_WARN_UNUSED_VARIABLE = YES;
				IPHONEOS_DEPLOYMENT_TARGET = 13.4;
				MTL_ENABLE_DEBUG_INFO = NO;
				MTL_FAST_MATH = YES;
				SDKROOT = iphoneos;
				SWIFT_COMPILATION_MODE = wholemodule;
				SWIFT_OPTIMIZATION_LEVEL = "-O";
				VALIDATE_PRODUCT = YES;
			};
			name = Release;
		};
		926BC3F32445477B0030F562 /* Debug */ = {
			isa = XCBuildConfiguration;
			buildSettings = {
				ASSETCATALOG_COMPILER_APPICON_NAME = AppIcon;
				CODE_SIGN_STYLE = Automatic;
				DEVELOPMENT_TEAM = X27L74NC87;
				INFOPLIST_FILE = WeatherInCombine/Info.plist;
				LD_RUNPATH_SEARCH_PATHS = (
					"$(inherited)",
					"@executable_path/Frameworks",
				);
				PRODUCT_BUNDLE_IDENTIFIER = com.priyans.WeatherInCombine;
				PRODUCT_NAME = "$(TARGET_NAME)";
				SWIFT_VERSION = 5.0;
				TARGETED_DEVICE_FAMILY = "1,2";
			};
			name = Debug;
		};
		926BC3F42445477B0030F562 /* Release */ = {
			isa = XCBuildConfiguration;
			buildSettings = {
				ASSETCATALOG_COMPILER_APPICON_NAME = AppIcon;
				CODE_SIGN_STYLE = Automatic;
				DEVELOPMENT_TEAM = X27L74NC87;
				INFOPLIST_FILE = WeatherInCombine/Info.plist;
				LD_RUNPATH_SEARCH_PATHS = (
					"$(inherited)",
					"@executable_path/Frameworks",
				);
				PRODUCT_BUNDLE_IDENTIFIER = com.priyans.WeatherInCombine;
				PRODUCT_NAME = "$(TARGET_NAME)";
				SWIFT_VERSION = 5.0;
				TARGETED_DEVICE_FAMILY = "1,2";
			};
			name = Release;
		};
/* End XCBuildConfiguration section */

/* Begin XCConfigurationList section */
		926BC3D9244547790030F562 /* Build configuration list for PBXProject "WeatherInCombine" */ = {
			isa = XCConfigurationList;
			buildConfigurations = (
				926BC3F02445477B0030F562 /* Debug */,
				926BC3F12445477B0030F562 /* Release */,
			);
			defaultConfigurationIsVisible = 0;
			defaultConfigurationName = Release;
		};
		926BC3F22445477B0030F562 /* Build configuration list for PBXNativeTarget "WeatherInCombine" */ = {
			isa = XCConfigurationList;
			buildConfigurations = (
				926BC3F32445477B0030F562 /* Debug */,
				926BC3F42445477B0030F562 /* Release */,
			);
			defaultConfigurationIsVisible = 0;
			defaultConfigurationName = Release;
		};
/* End XCConfigurationList section */
	};
	rootObject = 926BC3D6244547790030F562 /* Project object */;
}
